
Microsoft Visual Studio Solution File, Format Version 12.00
# Visual Studio 2013
VisualStudioVersion = 12.0.40629.0
MinimumVisualStudioVersion = 10.0.40219.1
Project("{FAE04EC0-301F-11D3-BF4B-00C04F79EFBC}") = "MtbGraph", "MtbGraph.csproj", "{26EADA61-3AE8-4F98-8B22-33A61073F68C}"
EndProject
Project("{FAE04EC0-301F-11D3-BF4B-00C04F79EFBC}") = "Tester", "..\Tester\Tester.csproj", "{098FB952-7BE3-464E-B5F3-06F7D4F5D146}"
EndProject
Project("{54435603-DBB4-11D2-8724-00A0C9A8B90C}") = "Setup", "..\Setup\Setup.vdproj", "{67C15BFD-15C6-4C0D-A6F6-F103529B9A14}"
EndProject
Project("{840C416C-B8F3-42BC-B0DD-F6BB14C9F8CB}") = "Setup_advinst1", "Setup_advinst1\Setup_advinst1.aiproj", "{A17556AE-C8FA-4527-ADFC-695197F08C87}"
EndProject
Global
	GlobalSection(SolutionConfigurationPlatforms) = preSolution
		Debug|Any CPU = Debug|Any CPU
		Debug|x86 = Debug|x86
		Release|Any CPU = Release|Any CPU
		Release|x86 = Release|x86
	EndGlobalSection
	GlobalSection(ProjectConfigurationPlatforms) = postSolution
		{26EADA61-3AE8-4F98-8B22-33A61073F68C}.Debug|Any CPU.ActiveCfg = Release|Any CPU
		{26EADA61-3AE8-4F98-8B22-33A61073F68C}.Debug|Any CPU.Build.0 = Release|Any CPU
		{26EADA61-3AE8-4F98-8B22-33A61073F68C}.Debug|x86.ActiveCfg = Debug|Any CPU
		{26EADA61-3AE8-4F98-8B22-33A61073F68C}.Debug|x86.Build.0 = Debug|Any CPU
		{26EADA61-3AE8-4F98-8B22-33A61073F68C}.Release|Any CPU.ActiveCfg = Release|Any CPU
		{26EADA61-3AE8-4F98-8B22-33A61073F68C}.Release|Any CPU.Build.0 = Release|Any CPU
		{26EADA61-3AE8-4F98-8B22-33A61073F68C}.Release|x86.ActiveCfg = Release|x86
		{26EADA61-3AE8-4F98-8B22-33A61073F68C}.Release|x86.Build.0 = Release|x86
		{098FB952-7BE3-464E-B5F3-06F7D4F5D146}.Debug|Any CPU.ActiveCfg = Debug|Any CPU
		{098FB952-7BE3-464E-B5F3-06F7D4F5D146}.Debug|Any CPU.Build.0 = Debug|Any CPU
		{098FB952-7BE3-464E-B5F3-06F7D4F5D146}.Debug|x86.ActiveCfg = Debug|Any CPU
		{098FB952-7BE3-464E-B5F3-06F7D4F5D146}.Release|Any CPU.ActiveCfg = Release|Any CPU
		{098FB952-7BE3-464E-B5F3-06F7D4F5D146}.Release|Any CPU.Build.0 = Release|Any CPU
		{098FB952-7BE3-464E-B5F3-06F7D4F5D146}.Release|x86.ActiveCfg = Release|Any CPU
		{67C15BFD-15C6-4C0D-A6F6-F103529B9A14}.Debug|Any CPU.ActiveCfg = Debug
		{67C15BFD-15C6-4C0D-A6F6-F103529B9A14}.Debug|x86.ActiveCfg = Debug
		{67C15BFD-15C6-4C0D-A6F6-F103529B9A14}.Release|Any CPU.ActiveCfg = Release
		{67C15BFD-15C6-4C0D-A6F6-F103529B9A14}.Release|x86.ActiveCfg = Release
		{A17556AE-C8FA-4527-ADFC-695197F08C87}.Debug|Any CPU.ActiveCfg = All
		{A17556AE-C8FA-4527-ADFC-695197F08C87}.Debug|Any CPU.Build.0 = All
		{A17556AE-C8FA-4527-ADFC-695197F08C87}.Debug|x86.ActiveCfg = All
		{A17556AE-C8FA-4527-ADFC-695197F08C87}.Debug|x86.Build.0 = All
		{A17556AE-C8FA-4527-ADFC-695197F08C87}.Release|Any CPU.ActiveCfg = All
		{A17556AE-C8FA-4527-ADFC-695197F08C87}.Release|Any CPU.Build.0 = All
		{A17556AE-C8FA-4527-ADFC-695197F08C87}.Release|x86.ActiveCfg = All
		{A17556AE-C8FA-4527-ADFC-695197F08C87}.Release|x86.Build.0 = All
	EndGlobalSection
	GlobalSection(SolutionProperties) = preSolution
		HideSolutionNode = FALSE
	EndGlobalSection
	GlobalSection(ExtensibilityGlobals) = postSolution
		SolutionGuid = {740385B9-D255-4D5F-8357-B6123EBB1546}
	EndGlobalSection
EndGlobal
